// !$*UTF8*$!
{
	archiveVersion = 1;
	classes = {
	};
	objectVersion = 50;
	objects = {

/* Begin PBXBuildFile section */
		5C4300EF21AF9BA400EC5462 /* AppDelegate.swift in Sources */ = {isa = PBXBuildFile; fileRef = 5C4300EE21AF9BA400EC5462 /* AppDelegate.swift */; };
		5C4300F121AF9BA400EC5462 /* ViewController.swift in Sources */ = {isa = PBXBuildFile; fileRef = 5C4300F021AF9BA400EC5462 /* ViewController.swift */; };
		5C4300F421AF9BA400EC5462 /* Main.storyboard in Resources */ = {isa = PBXBuildFile; fileRef = 5C4300F221AF9BA400EC5462 /* Main.storyboard */; };
		5C4300F621AF9BA600EC5462 /* Assets.xcassets in Resources */ = {isa = PBXBuildFile; fileRef = 5C4300F521AF9BA600EC5462 /* Assets.xcassets */; };
		5C4300F921AF9BA600EC5462 /* LaunchScreen.storyboard in Resources */ = {isa = PBXBuildFile; fileRef = 5C4300F721AF9BA600EC5462 /* LaunchScreen.storyboard */; };
		5C43010121AFB26F00EC5462 /* DropablePin.swift in Sources */ = {isa = PBXBuildFile; fileRef = 5C43010021AFB26F00EC5462 /* DropablePin.swift */; };
		5C43010321B031EE00EC5462 /* PhotoCellCollectionViewCell.swift in Sources */ = {isa = PBXBuildFile; fileRef = 5C43010221B031EE00EC5462 /* PhotoCellCollectionViewCell.swift */; };
		5C43010521B0378C00EC5462 /* Constraints.swift in Sources */ = {isa = PBXBuildFile; fileRef = 5C43010421B0378C00EC5462 /* Constraints.swift */; };
		A036EBFA95B94AEA1DC168A5 /* Pods_Pixel_city_two.framework in Frameworks */ = {isa = PBXBuildFile; fileRef = 479530094F5A4451982D5C4D /* Pods_Pixel_city_two.framework */; };
/* End PBXBuildFile section */

/* Begin PBXFileReference section */
		479530094F5A4451982D5C4D /* Pods_Pixel_city_two.framework */ = {isa = PBXFileReference; explicitFileType = wrapper.framework; includeInIndex = 0; path = Pods_Pixel_city_two.framework; sourceTree = BUILT_PRODUCTS_DIR; };
		5C4300EB21AF9BA400EC5462 /* Pixel-city-two.app */ = {isa = PBXFileReference; explicitFileType = wrapper.application; includeInIndex = 0; path = "Pixel-city-two.app"; sourceTree = BUILT_PRODUCTS_DIR; };
		5C4300EE21AF9BA400EC5462 /* AppDelegate.swift */ = {isa = PBXFileReference; lastKnownFileType = sourcecode.swift; path = AppDelegate.swift; sourceTree = "<group>"; };
		5C4300F021AF9BA400EC5462 /* ViewController.swift */ = {isa = PBXFileReference; lastKnownFileType = sourcecode.swift; path = ViewController.swift; sourceTree = "<group>"; };
		5C4300F321AF9BA400EC5462 /* Base */ = {isa = PBXFileReference; lastKnownFileType = file.storyboard; name = Base; path = Base.lproj/Main.storyboard; sourceTree = "<group>"; };
		5C4300F521AF9BA600EC5462 /* Assets.xcassets */ = {isa = PBXFileReference; lastKnownFileType = folder.assetcatalog; path = Assets.xcassets; sourceTree = "<group>"; };
		5C4300F821AF9BA600EC5462 /* Base */ = {isa = PBXFileReference; lastKnownFileType = file.storyboard; name = Base; path = Base.lproj/LaunchScreen.storyboard; sourceTree = "<group>"; };
		5C4300FA21AF9BA600EC5462 /* Info.plist */ = {isa = PBXFileReference; lastKnownFileType = text.plist.xml; path = Info.plist; sourceTree = "<group>"; };
		5C43010021AFB26F00EC5462 /* DropablePin.swift */ = {isa = PBXFileReference; lastKnownFileType = sourcecode.swift; path = DropablePin.swift; sourceTree = "<group>"; };
		5C43010221B031EE00EC5462 /* PhotoCellCollectionViewCell.swift */ = {isa = PBXFileReference; lastKnownFileType = sourcecode.swift; path = PhotoCellCollectionViewCell.swift; sourceTree = "<group>"; };
		5C43010421B0378C00EC5462 /* Constraints.swift */ = {isa = PBXFileReference; lastKnownFileType = sourcecode.swift; path = Constraints.swift; sourceTree = "<group>"; };
		888234EA6699F66B533AA8EB /* Pods-Pixel-city-two.debug.xcconfig */ = {isa = PBXFileReference; includeInIndex = 1; lastKnownFileType = text.xcconfig; name = "Pods-Pixel-city-two.debug.xcconfig"; path = "Pods/Target Support Files/Pods-Pixel-city-two/Pods-Pixel-city-two.debug.xcconfig"; sourceTree = "<group>"; };
		A3BF021869886B67371BB98D /* Pods-Pixel-city-two.release.xcconfig */ = {isa = PBXFileReference; includeInIndex = 1; lastKnownFileType = text.xcconfig; name = "Pods-Pixel-city-two.release.xcconfig"; path = "Pods/Target Support Files/Pods-Pixel-city-two/Pods-Pixel-city-two.release.xcconfig"; sourceTree = "<group>"; };
/* End PBXFileReference section */

/* Begin PBXFrameworksBuildPhase section */
		5C4300E821AF9BA400EC5462 /* Frameworks */ = {
			isa = PBXFrameworksBuildPhase;
			buildActionMask = 2147483647;
			files = (
				A036EBFA95B94AEA1DC168A5 /* Pods_Pixel_city_two.framework in Frameworks */,
			);
			runOnlyForDeploymentPostprocessing = 0;
		};
/* End PBXFrameworksBuildPhase section */

/* Begin PBXGroup section */
		5C4300E221AF9BA400EC5462 = {
			isa = PBXGroup;
			children = (
				5C4300ED21AF9BA400EC5462 /* Pixel-city-two */,
				5C4300EC21AF9BA400EC5462 /* Products */,
				8C89E5FCEC45F72366AE7E65 /* Pods */,
				AE4DB5FF273507C9B1EC9C98 /* Frameworks */,
			);
			sourceTree = "<group>";
		};
		5C4300EC21AF9BA400EC5462 /* Products */ = {
			isa = PBXGroup;
			children = (
				5C4300EB21AF9BA400EC5462 /* Pixel-city-two.app */,
			);
			name = Products;
			sourceTree = "<group>";
		};
		5C4300ED21AF9BA400EC5462 /* Pixel-city-two */ = {
			isa = PBXGroup;
			children = (
				5C4300EE21AF9BA400EC5462 /* AppDelegate.swift */,
				5C43010421B0378C00EC5462 /* Constraints.swift */,
				5C43010221B031EE00EC5462 /* PhotoCellCollectionViewCell.swift */,
				5C43010021AFB26F00EC5462 /* DropablePin.swift */,
				5C4300F021AF9BA400EC5462 /* ViewController.swift */,
				5C4300F221AF9BA400EC5462 /* Main.storyboard */,
				5C4300F521AF9BA600EC5462 /* Assets.xcassets */,
				5C4300F721AF9BA600EC5462 /* LaunchScreen.storyboard */,
				5C4300FA21AF9BA600EC5462 /* Info.plist */,
			);
			path = "Pixel-city-two";
			sourceTree = "<group>";
		};
		8C89E5FCEC45F72366AE7E65 /* Pods */ = {
			isa = PBXGroup;
			children = (
				888234EA6699F66B533AA8EB /* Pods-Pixel-city-two.debug.xcconfig */,
				A3BF021869886B67371BB98D /* Pods-Pixel-city-two.release.xcconfig */,
			);
			name = Pods;
			sourceTree = "<group>";
		};
		AE4DB5FF273507C9B1EC9C98 /* Frameworks */ = {
			isa = PBXGroup;
			children = (
				479530094F5A4451982D5C4D /* Pods_Pixel_city_two.framework */,
			);
			name = Frameworks;
			sourceTree = "<group>";
		};
/* End PBXGroup section */

/* Begin PBXNativeTarget section */
		5C4300EA21AF9BA400EC5462 /* Pixel-city-two */ = {
			isa = PBXNativeTarget;
			buildConfigurationList = 5C4300FD21AF9BA600EC5462 /* Build configuration list for PBXNativeTarget "Pixel-city-two" */;
			buildPhases = (
				5470E86F09DE5D087C86742E /* [CP] Check Pods Manifest.lock */,
				5C4300E721AF9BA400EC5462 /* Sources */,
				5C4300E821AF9BA400EC5462 /* Frameworks */,
				5C4300E921AF9BA400EC5462 /* Resources */,
				1DABA256450BF79DD4C6960B /* [CP] Embed Pods Frameworks */,
			);
			buildRules = (
			);
			dependencies = (
			);
			name = "Pixel-city-two";
			productName = "Pixel-city-two";
			productReference = 5C4300EB21AF9BA400EC5462 /* Pixel-city-two.app */;
			productType = "com.apple.product-type.application";
		};
/* End PBXNativeTarget section */

/* Begin PBXProject section */
		5C4300E321AF9BA400EC5462 /* Project object */ = {
			isa = PBXProject;
			attributes = {
				LastSwiftUpdateCheck = 1010;
				LastUpgradeCheck = 1010;
				ORGANIZATIONNAME = "Sahadat  Hossain";
				TargetAttributes = {
					5C4300EA21AF9BA400EC5462 = {
						CreatedOnToolsVersion = 10.1;
						LastSwiftMigration = 1010;
					};
				};
			};
			buildConfigurationList = 5C4300E621AF9BA400EC5462 /* Build configuration list for PBXProject "Pixel-city-two" */;
			compatibilityVersion = "Xcode 9.3";
			developmentRegion = en;
			hasScannedForEncodings = 0;
			knownRegions = (
				en,
				Base,
			);
			mainGroup = 5C4300E221AF9BA400EC5462;
			productRefGroup = 5C4300EC21AF9BA400EC5462 /* Products */;
			projectDirPath = "";
			projectRoot = "";
			targets = (
				5C4300EA21AF9BA400EC5462 /* Pixel-city-two */,
			);
		};
/* End PBXProject section */

/* Begin PBXResourcesBuildPhase section */
		5C4300E921AF9BA400EC5462 /* Resources */ = {
			isa = PBXResourcesBuildPhase;
			buildActionMask = 2147483647;
			files = (
				5C4300F921AF9BA600EC5462 /* LaunchScreen.storyboard in Resources */,
				5C4300F621AF9BA600EC5462 /* Assets.xcassets in Resources */,
				5C4300F421AF9BA400EC5462 /* Main.storyboard in Resources */,
			);
			runOnlyForDeploymentPostprocessing = 0;
		};
/* End PBXResourcesBuildPhase section */

/* Begin PBXShellScriptBuildPhase section */
		1DABA256450BF79DD4C6960B /* [CP] Embed Pods Frameworks */ = {
			isa = PBXShellScriptBuildPhase;
			buildActionMask = 2147483647;
			files = (
			);
			inputFileListPaths = (
			);
			inputPaths = (
				"${SRCROOT}/Pods/Target Support Files/Pods-Pixel-city-two/Pods-Pixel-city-two-frameworks.sh",
				"${BUILT_PRODUCTS_DIR}/Alamofire/Alamofire.framework",
				"${BUILT_PRODUCTS_DIR}/AlamofireImage/AlamofireImage.framework",
			);
			name = "[CP] Embed Pods Frameworks";
			outputFileListPaths = (
			);
			outputPaths = (
				"${TARGET_BUILD_DIR}/${FRAMEWORKS_FOLDER_PATH}/Alamofire.framework",
				"${TARGET_BUILD_DIR}/${FRAMEWORKS_FOLDER_PATH}/AlamofireImage.framework",
			);
			runOnlyForDeploymentPostprocessing = 0;
			shellPath = /bin/sh;
			shellScript = "\"${SRCROOT}/Pods/Target Support Files/Pods-Pixel-city-two/Pods-Pixel-city-two-frameworks.sh\"\n";
			showEnvVarsInLog = 0;
		};
		5470E86F09DE5D087C86742E /* [CP] Check Pods Manifest.lock */ = {
			isa = PBXShellScriptBuildPhase;
			buildActionMask = 2147483647;
			files = (
			);
			inputFileListPaths = (
			);
			inputPaths = (
				"${PODS_PODFILE_DIR_PATH}/Podfile.lock",
				"${PODS_ROOT}/Manifest.lock",
			);
			name = "[CP] Check Pods Manifest.lock";
			outputFileListPaths = (
			);
			outputPaths = (
				"$(DERIVED_FILE_DIR)/Pods-Pixel-city-two-checkManifestLockResult.txt",
			);
			runOnlyForDeploymentPostprocessing = 0;
			shellPath = /bin/sh;
			shellScript = "diff \"${PODS_PODFILE_DIR_PATH}/Podfile.lock\" \"${PODS_ROOT}/Manifest.lock\" > /dev/null\nif [ $? != 0 ] ; then\n    # print error to STDERR\n    echo \"error: The sandbox is not in sync with the Podfile.lock. Run 'pod install' or update your CocoaPods installation.\" >&2\n    exit 1\nfi\n# This output is used by Xcode 'outputs' to avoid re-running this script phase.\necho \"SUCCESS\" > \"${SCRIPT_OUTPUT_FILE_0}\"\n";
			showEnvVarsInLog = 0;
		};
/* End PBXShellScriptBuildPhase section */

/* Begin PBXSourcesBuildPhase section */
		5C4300E721AF9BA400EC5462 /* Sources */ = {
			isa = PBXSourcesBuildPhase;
			buildActionMask = 2147483647;
			files = (
				5C4300F121AF9BA400EC5462 /* ViewController.swift in Sources */,
				5C43010121AFB26F00EC5462 /* DropablePin.swift in Sources */,
				5C43010521B0378C00EC5462 /* Constraints.swift in Sources */,
				5C4300EF21AF9BA400EC5462 /* AppDelegate.swift in Sources */,
				5C43010321B031EE00EC5462 /* PhotoCellCollectionViewCell.swift in Sources */,
			);
			runOnlyForDeploymentPostprocessing = 0;
		};
/* End PBXSourcesBuildPhase section */

/* Begin PBXVariantGroup section */
		5C4300F221AF9BA400EC5462 /* Main.storyboard */ = {
			isa = PBXVariantGroup;
			children = (
				5C4300F321AF9BA400EC5462 /* Base */,
			);
			name = Main.storyboard;
			sourceTree = "<group>";
		};
		5C4300F721AF9BA600EC5462 /* LaunchScreen.storyboard */ = {
			isa = PBXVariantGroup;
			children = (
				5C4300F821AF9BA600EC5462 /* Base */,
			);
			name = LaunchScreen.storyboard;
			sourceTree = "<group>";
		};
/* End PBXVariantGroup section */

/* Begin XCBuildConfiguration section */
		5C4300FB21AF9BA600EC5462 /* Debug */ = {
			isa = XCBuildConfiguration;
			buildSettings = {
				ALWAYS_SEARCH_USER_PATHS = NO;
				CLANG_ANALYZER_NONNULL = YES;
				CLANG_ANALYZER_NUMBER_OBJECT_CONVERSION = YES_AGGRESSIVE;
				CLANG_CXX_LANGUAGE_STANDARD = "gnu++14";
				CLANG_CXX_LIBRARY = "libc++";
				CLANG_ENABLE_MODULES = YES;
				CLANG_ENABLE_OBJC_ARC = YES;
				CLANG_ENABLE_OBJC_WEAK = YES;
				CLANG_WARN_BLOCK_CAPTURE_AUTORELEASING = YES;
				CLANG_WARN_BOOL_CONVERSION = YES;
				CLANG_WARN_COMMA = YES;
				CLANG_WARN_CONSTANT_CONVERSION = YES;
				CLANG_WARN_DEPRECATED_OBJC_IMPLEMENTATIONS = YES;
				CLANG_WARN_DIRECT_OBJC_ISA_USAGE = YES_ERROR;
				CLANG_WARN_DOCUMENTATION_COMMENTS = YES;
				CLANG_WARN_EMPTY_BODY = YES;
				CLANG_WARN_ENUM_CONVERSION = YES;
				CLANG_WARN_INFINITE_RECURSION = YES;
				CLANG_WARN_INT_CONVERSION = YES;
				CLANG_WARN_NON_LITERAL_NULL_CONVERSION = YES;
				CLANG_WARN_OBJC_IMPLICIT_RETAIN_SELF = YES;
				CLANG_WARN_OBJC_LITERAL_CONVERSION = YES;
				CLANG_WARN_OBJC_ROOT_CLASS = YES_ERROR;
				CLANG_WARN_RANGE_LOOP_ANALYSIS = YES;
				CLANG_WARN_STRICT_PROTOTYPES = YES;
				CLANG_WARN_SUSPICIOUS_MOVE = YES;
				CLANG_WARN_UNGUARDED_AVAILABILITY = YES_AGGRESSIVE;
				CLANG_WARN_UNREACHABLE_CODE = YES;
				CLANG_WARN__DUPLICATE_METHOD_MATCH = YES;
				CODE_SIGN_IDENTITY = "iPhone Developer";
				COPY_PHASE_STRIP = NO;
				DEBUG_INFORMATION_FORMAT = dwarf;
				ENABLE_STRICT_OBJC_MSGSEND = YES;
				ENABLE_TESTABILITY = YES;
				GCC_C_LANGUAGE_STANDARD = gnu11;
				GCC_DYNAMIC_NO_PIC = NO;
				GCC_NO_COMMON_BLOCKS = YES;
				GCC_OPTIMIZATION_LEVEL = 0;
				GCC_PREPROCESSOR_DEFINITIONS = (
					"DEBUG=1",
					"$(inherited)",
				);
				GCC_WARN_64_TO_32_BIT_CONVERSION = YES;
				GCC_WARN_ABOUT_RETURN_TYPE = YES_ERROR;
				GCC_WARN_UNDECLARED_SELECTOR = YES;
				GCC_WARN_UNINITIALIZED_AUTOS = YES_AGGRESSIVE;
				GCC_WARN_UNUSED_FUNCTION = YES;
				GCC_WARN_UNUSED_VARIABLE = YES;
				IPHONEOS_DEPLOYMENT_TARGET = 12.1;
				MTL_ENABLE_DEBUG_INFO = INCLUDE_SOURCE;
				MTL_FAST_MATH = YES;
				ONLY_ACTIVE_ARCH = YES;
				SDKROOT = iphoneos;
				SWIFT_ACTIVE_COMPILATION_CONDITIONS = DEBUG;
				SWIFT_OPTIMIZATION_LEVEL = "-Onone";
			};
			name = Debug;
		};
		5C4300FC21AF9BA600EC5462 /* Release */ = {
			isa = XCBuildConfiguration;
			buildSettings = {
				ALWAYS_SEARCH_USER_PATHS = NO;
				CLANG_ANALYZER_NONNULL = YES;
				CLANG_ANALYZER_NUMBER_OBJECT_CONVERSION = YES_AGGRESSIVE;
				CLANG_CXX_LANGUAGE_STANDARD = "gnu++14";
				CLANG_CXX_LIBRARY = "libc++";
				CLANG_ENABLE_MODULES = YES;
				CLANG_ENABLE_OBJC_ARC = YES;
				CLANG_ENABLE_OBJC_WEAK = YES;
				CLANG_WARN_BLOCK_CAPTURE_AUTORELEASING = YES;
				CLANG_WARN_BOOL_CONVERSION = YES;
				CLANG_WARN_COMMA = YES;
				CLANG_WARN_CONSTANT_CONVERSION = YES;
				CLANG_WARN_DEPRECATED_OBJC_IMPLEMENTATIONS = YES;
				CLANG_WARN_DIRECT_OBJC_ISA_USAGE = YES_ERROR;
				CLANG_WARN_DOCUMENTATION_COMMENTS = YES;
				CLANG_WARN_EMPTY_BODY = YES;
				CLANG_WARN_ENUM_CONVERSION = YES;
				CLANG_WARN_INFINITE_RECURSION = YES;
				CLANG_WARN_INT_CONVERSION = YES;
				CLANG_WARN_NON_LITERAL_NULL_CONVERSION = YES;
				CLANG_WARN_OBJC_IMPLICIT_RETAIN_SELF = YES;
				CLANG_WARN_OBJC_LITERAL_CONVERSION = YES;
				CLANG_WARN_OBJC_ROOT_CLASS = YES_ERROR;
				CLANG_WARN_RANGE_LOOP_ANALYSIS = YES;
				CLANG_WARN_STRICT_PROTOTYPES = YES;
				CLANG_WARN_SUSPICIOUS_MOVE = YES;
				CLANG_WARN_UNGUARDED_AVAILABILITY = YES_AGGRESSIVE;
				CLANG_WARN_UNREACHABLE_CODE = YES;
				CLANG_WARN__DUPLICATE_METHOD_MATCH = YES;
				CODE_SIGN_IDENTITY = "iPhone Developer";
				COPY_PHASE_STRIP = NO;
				DEBUG_INFORMATION_FORMAT = "dwarf-with-dsym";
				ENABLE_NS_ASSERTIONS = NO;
				ENABLE_STRICT_OBJC_MSGSEND = YES;
				GCC_C_LANGUAGE_STANDARD = gnu11;
				GCC_NO_COMMON_BLOCKS = YES;
				GCC_WARN_64_TO_32_BIT_CONVERSION = YES;
				GCC_WARN_ABOUT_RETURN_TYPE = YES_ERROR;
				GCC_WARN_UNDECLARED_SELECTOR = YES;
				GCC_WARN_UNINITIALIZED_AUTOS = YES_AGGRESSIVE;
				GCC_WARN_UNUSED_FUNCTION = YES;
				GCC_WARN_UNUSED_VARIABLE = YES;
				IPHONEOS_DEPLOYMENT_TARGET = 12.1;
				MTL_ENABLE_DEBUG_INFO = NO;
				MTL_FAST_MATH = YES;
				SDKROOT = iphoneos;
				SWIFT_COMPILATION_MODE = wholemodule;
				SWIFT_OPTIMIZATION_LEVEL = "-O";
				VALIDATE_PRODUCT = YES;
			};
			name = Release;
		};
		5C4300FE21AF9BA600EC5462 /* Debug */ = {
			isa = XCBuildConfiguration;
			baseConfigurationReference = 888234EA6699F66B533AA8EB /* Pods-Pixel-city-two.debug.xcconfig */;
			buildSettings = {
				ASSETCATALOG_COMPILER_APPICON_NAME = AppIcon;
				CODE_SIGN_STYLE = Automatic;
				INFOPLIST_FILE = "Pixel-city-two/Info.plist";
				LD_RUNPATH_SEARCH_PATHS = (
					"$(inherited)",
					"@executable_path/Frameworks",
				);
				PRODUCT_BUNDLE_IDENTIFIER = "ssoft.Pixel-city-two";
				PRODUCT_NAME = "$(TARGET_NAME)";
				SWIFT_VERSION = 4.2;
				TARGETED_DEVICE_FAMILY = "1,2";
			};
			name = Debug;
		};
		5C4300FF21AF9BA600EC5462 /* Release */ = {
			isa = XCBuildConfiguration;
			baseConfigurationReference = A3BF021869886B67371BB98D /* Pods-Pixel-city-two.release.xcconfig */;
			buildSettings = {
				ASSETCATALOG_COMPILER_APPICON_NAME = AppIcon;
				CODE_SIGN_STYLE = Automatic;
				INFOPLIST_FILE = "Pixel-city-two/Info.plist";
				LD_RUNPATH_SEARCH_PATHS = (
					"$(inherited)",
					"@executable_path/Frameworks",
				);
				PRODUCT_BUNDLE_IDENTIFIER = "ssoft.Pixel-city-two";
				PRODUCT_NAME = "$(TARGET_NAME)";
				SWIFT_VERSION = 4.2;
				TARGETED_DEVICE_FAMILY = "1,2";
			};
			name = Release;
		};
/* End XCBuildConfiguration section */

/* Begin XCConfigurationList section */
		5C4300E621AF9BA400EC5462 /* Build configuration list for PBXProject "Pixel-city-two" */ = {
			isa = XCConfigurationList;
			buildConfigurations = (
				5C4300FB21AF9BA600EC5462 /* Debug */,
				5C4300FC21AF9BA600EC5462 /* Release */,
			);
			defaultConfigurationIsVisible = 0;
			defaultConfigurationName = Release;
		};
		5C4300FD21AF9BA600EC5462 /* Build configuration list for PBXNativeTarget "Pixel-city-two" */ = {
			isa = XCConfigurationList;
			buildConfigurations = (
				5C4300FE21AF9BA600EC5462 /* Debug */,
				5C4300FF21AF9BA600EC5462 /* Release */,
			);
			defaultConfigurationIsVisible = 0;
			defaultConfigurationName = Release;
		};
/* End XCConfigurationList section */
	};
	rootObject = 5C4300E321AF9BA400EC5462 /* Project object */;
}
